
Microsoft Visual Studio Solution File, Format Version 12.00
# Visual Studio Version 16
VisualStudioVersion = 16.0.31729.503
MinimumVisualStudioVersion = 10.0.40219.1
Project("{FAE04EC0-301F-11D3-BF4B-00C04F79EFBC}") = "HospitalSN_App", "HospitalSN_App\HospitalSN_App.csproj", "{268B8AB6-4B18-4B03-BF27-2B40C1065AFB}"
EndProject
Global
	GlobalSection(SolutionConfigurationPlatforms) = preSolution
		Debug|Any CPU = Debug|Any CPU
		Release|Any CPU = Release|Any CPU
	EndGlobalSection
	GlobalSection(ProjectConfigurationPlatforms) = postSolution
		{268B8AB6-4B18-4B03-BF27-2B40C1065AFB}.Debug|Any CPU.ActiveCfg = Debug|Any CPU
		{268B8AB6-4B18-4B03-BF27-2B40C1065AFB}.Debug|Any CPU.Build.0 = Debug|Any CPU
		{268B8AB6-4B18-4B03-BF27-2B40C1065AFB}.Release|Any CPU.ActiveCfg = Release|Any CPU
		{268B8AB6-4B18-4B03-BF27-2B40C1065AFB}.Release|Any CPU.Build.0 = Release|Any CPU
	EndGlobalSection
	GlobalSection(SolutionProperties) = preSolution
		HideSolutionNode = FALSE
	EndGlobalSection
	GlobalSection(ExtensibilityGlobals) = postSolution
		SolutionGuid = {2C6543E5-FB1D-40E7-9953-C668F086C3A6}
	EndGlobalSection
EndGlobal
